
Microsoft Visual Studio Solution File, Format Version 12.00
# Visual Studio 14
VisualStudioVersion = 14.0.25420.1
MinimumVisualStudioVersion = 10.0.40219.1
Project("{FAE04EC0-301F-11D3-BF4B-00C04F79EFBC}") = "Treehouse.FitnessFrog", "Treehouse.FitnessFrog\Treehouse.FitnessFrog.csproj", "{D6F7E536-7C34-46FC-A421-3069C9695D61}"
EndProject
Global
	GlobalSection(SolutionConfigurationPlatforms) = preSolution
		Debug|Any CPU = Debug|Any CPU
		Release|Any CPU = Release|Any CPU
	EndGlobalSection
	GlobalSection(ProjectConfigurationPlatforms) = postSolution
		{D6F7E536-7C34-46FC-A421-3069C9695D61}.Debug|Any CPU.ActiveCfg = Debug|Any CPU
		{D6F7E536-7C34-46FC-A421-3069C9695D61}.Debug|Any CPU.Build.0 = Debug|Any CPU
		{D6F7E536-7C34-46FC-A421-3069C9695D61}.Release|Any CPU.ActiveCfg = Release|Any CPU
		{D6F7E536-7C34-46FC-A421-3069C9695D61}.Release|Any CPU.Build.0 = Release|Any CPU
	EndGlobalSection
	GlobalSection(SolutionProperties) = preSolution
		HideSolutionNode = FALSE
	EndGlobalSection
EndGlobal
